// !$*UTF8*$!
{
	archiveVersion = 1;
	classes = {
	};
	objectVersion = 56;
	objects = {

/* Begin PBXBuildFile section */
		B8729E9C2B32DCFB00D3504A /* HafezApp.swift in Sources */ = {isa = PBXBuildFile; fileRef = B8729E9B2B32DCFB00D3504A /* HafezApp.swift */; };
		B8729EA02B32DCFB00D3504A /* Assets.xcassets in Resources */ = {isa = PBXBuildFile; fileRef = B8729E9F2B32DCFB00D3504A /* Assets.xcassets */; };
		B8729EA32B32DCFB00D3504A /* Preview Assets.xcassets in Resources */ = {isa = PBXBuildFile; fileRef = B8729EA22B32DCFB00D3504A /* Preview Assets.xcassets */; };
		B8729EAA2B32E6CE00D3504A /* SplashScreen.swift in Sources */ = {isa = PBXBuildFile; fileRef = B8729EA92B32E6CE00D3504A /* SplashScreen.swift */; };
		B8729EAC2B32E6DD00D3504A /* Home.swift in Sources */ = {isa = PBXBuildFile; fileRef = B8729EAB2B32E6DD00D3504A /* Home.swift */; };
		B8729EB02B32E70400D3504A /* Coloring.swift in Sources */ = {isa = PBXBuildFile; fileRef = B8729EAF2B32E70400D3504A /* Coloring.swift */; };
		B8729EB22B32E72E00D3504A /* Name.swift in Sources */ = {isa = PBXBuildFile; fileRef = B8729EB12B32E72E00D3504A /* Name.swift */; };
		B8729EB42B32E73F00D3504A /* Onboarding.swift in Sources */ = {isa = PBXBuildFile; fileRef = B8729EB32B32E73F00D3504A /* Onboarding.swift */; };
		B8729EB62B32E74D00D3504A /* popUp.swift in Sources */ = {isa = PBXBuildFile; fileRef = B8729EB52B32E74D00D3504A /* popUp.swift */; };
		B8729EB82B32E75B00D3504A /* Profile.swift in Sources */ = {isa = PBXBuildFile; fileRef = B8729EB72B32E75B00D3504A /* Profile.swift */; };
/* End PBXBuildFile section */

/* Begin PBXFileReference section */
		B8729E982B32DCFB00D3504A /* Hafez.app */ = {isa = PBXFileReference; explicitFileType = wrapper.application; includeInIndex = 0; path = Hafez.app; sourceTree = BUILT_PRODUCTS_DIR; };
		B8729E9B2B32DCFB00D3504A /* HafezApp.swift */ = {isa = PBXFileReference; lastKnownFileType = sourcecode.swift; path = HafezApp.swift; sourceTree = "<group>"; };
		B8729E9F2B32DCFB00D3504A /* Assets.xcassets */ = {isa = PBXFileReference; lastKnownFileType = folder.assetcatalog; path = Assets.xcassets; sourceTree = "<group>"; };
		B8729EA22B32DCFB00D3504A /* Preview Assets.xcassets */ = {isa = PBXFileReference; lastKnownFileType = folder.assetcatalog; path = "Preview Assets.xcassets"; sourceTree = "<group>"; };
		B8729EA92B32E6CE00D3504A /* SplashScreen.swift */ = {isa = PBXFileReference; lastKnownFileType = sourcecode.swift; path = SplashScreen.swift; sourceTree = "<group>"; };
		B8729EAB2B32E6DD00D3504A /* Home.swift */ = {isa = PBXFileReference; lastKnownFileType = sourcecode.swift; path = Home.swift; sourceTree = "<group>"; };
		B8729EAF2B32E70400D3504A /* Coloring.swift */ = {isa = PBXFileReference; lastKnownFileType = sourcecode.swift; path = Coloring.swift; sourceTree = "<group>"; };
		B8729EB12B32E72E00D3504A /* Name.swift */ = {isa = PBXFileReference; lastKnownFileType = sourcecode.swift; path = Name.swift; sourceTree = "<group>"; };
		B8729EB32B32E73F00D3504A /* Onboarding.swift */ = {isa = PBXFileReference; lastKnownFileType = sourcecode.swift; path = Onboarding.swift; sourceTree = "<group>"; };
		B8729EB52B32E74D00D3504A /* popUp.swift */ = {isa = PBXFileReference; lastKnownFileType = sourcecode.swift; path = popUp.swift; sourceTree = "<group>"; };
		B8729EB72B32E75B00D3504A /* Profile.swift */ = {isa = PBXFileReference; lastKnownFileType = sourcecode.swift; path = Profile.swift; sourceTree = "<group>"; };
/* End PBXFileReference section */

/* Begin PBXFrameworksBuildPhase section */
		B8729E952B32DCFB00D3504A /* Frameworks */ = {
			isa = PBXFrameworksBuildPhase;
			buildActionMask = 2147483647;
			files = (
			);
			runOnlyForDeploymentPostprocessing = 0;
		};
/* End PBXFrameworksBuildPhase section */

/* Begin PBXGroup section */
		B8729E8F2B32DCFB00D3504A = {
			isa = PBXGroup;
			children = (
				B8729E9A2B32DCFB00D3504A /* Hafez */,
				B8729E992B32DCFB00D3504A /* Products */,
			);
			sourceTree = "<group>";
		};
		B8729E992B32DCFB00D3504A /* Products */ = {
			isa = PBXGroup;
			children = (
				B8729E982B32DCFB00D3504A /* Hafez.app */,
			);
			name = Products;
			sourceTree = "<group>";
		};
		B8729E9A2B32DCFB00D3504A /* Hafez */ = {
			isa = PBXGroup;
			children = (
				B8729EBB2B32E79800D3504A /* Views */,
				B8729EBA2B32E78800D3504A /* Models */,
				B8729E9B2B32DCFB00D3504A /* HafezApp.swift */,
				B8729E9F2B32DCFB00D3504A /* Assets.xcassets */,
				B8729EA12B32DCFB00D3504A /* Preview Content */,
			);
			path = Hafez;
			sourceTree = "<group>";
		};
		B8729EA12B32DCFB00D3504A /* Preview Content */ = {
			isa = PBXGroup;
			children = (
				B8729EA22B32DCFB00D3504A /* Preview Assets.xcassets */,
			);
			path = "Preview Content";
			sourceTree = "<group>";
		};
		B8729EBA2B32E78800D3504A /* Models */ = {
			isa = PBXGroup;
			children = (
			);
			path = Models;
			sourceTree = "<group>";
		};
		B8729EBB2B32E79800D3504A /* Views */ = {
			isa = PBXGroup;
			children = (
				B8729EA92B32E6CE00D3504A /* SplashScreen.swift */,
				B8729EAB2B32E6DD00D3504A /* Home.swift */,
				B8729EAF2B32E70400D3504A /* Coloring.swift */,
				B8729EB12B32E72E00D3504A /* Name.swift */,
				B8729EB32B32E73F00D3504A /* Onboarding.swift */,
				B8729EB52B32E74D00D3504A /* popUp.swift */,
				B8729EB72B32E75B00D3504A /* Profile.swift */,
			);
			path = Views;
			sourceTree = "<group>";
		};
/* End PBXGroup section */

/* Begin PBXNativeTarget section */
		B8729E972B32DCFB00D3504A /* Hafez */ = {
			isa = PBXNativeTarget;
			buildConfigurationList = B8729EA62B32DCFB00D3504A /* Build configuration list for PBXNativeTarget "Hafez" */;
			buildPhases = (
				B8729E942B32DCFB00D3504A /* Sources */,
				B8729E952B32DCFB00D3504A /* Frameworks */,
				B8729E962B32DCFB00D3504A /* Resources */,
			);
			buildRules = (
			);
			dependencies = (
			);
			name = Hafez;
			productName = Hafez;
			productReference = B8729E982B32DCFB00D3504A /* Hafez.app */;
			productType = "com.apple.product-type.application";
		};
/* End PBXNativeTarget section */

/* Begin PBXProject section */
		B8729E902B32DCFB00D3504A /* Project object */ = {
			isa = PBXProject;
			attributes = {
				BuildIndependentTargetsInParallel = 1;
				LastSwiftUpdateCheck = 1500;
				LastUpgradeCheck = 1500;
				TargetAttributes = {
					B8729E972B32DCFB00D3504A = {
						CreatedOnToolsVersion = 15.0;
					};
				};
			};
			buildConfigurationList = B8729E932B32DCFB00D3504A /* Build configuration list for PBXProject "Hafez" */;
			compatibilityVersion = "Xcode 14.0";
			developmentRegion = en;
			hasScannedForEncodings = 0;
			knownRegions = (
				en,
				Base,
			);
			mainGroup = B8729E8F2B32DCFB00D3504A;
			productRefGroup = B8729E992B32DCFB00D3504A /* Products */;
			projectDirPath = "";
			projectRoot = "";
			targets = (
				B8729E972B32DCFB00D3504A /* Hafez */,
			);
		};
/* End PBXProject section */

/* Begin PBXResourcesBuildPhase section */
		B8729E962B32DCFB00D3504A /* Resources */ = {
			isa = PBXResourcesBuildPhase;
			buildActionMask = 2147483647;
			files = (
				B8729EA32B32DCFB00D3504A /* Preview Assets.xcassets in Resources */,
				B8729EA02B32DCFB00D3504A /* Assets.xcassets in Resources */,
			);
			runOnlyForDeploymentPostprocessing = 0;
		};
/* End PBXResourcesBuildPhase section */

/* Begin PBXSourcesBuildPhase section */
		B8729E942B32DCFB00D3504A /* Sources */ = {
			isa = PBXSourcesBuildPhase;
			buildActionMask = 2147483647;
			files = (
				B8729EB42B32E73F00D3504A /* Onboarding.swift in Sources */,
				B8729EB82B32E75B00D3504A /* Profile.swift in Sources */,
				B8729EB62B32E74D00D3504A /* popUp.swift in Sources */,
				B8729EAA2B32E6CE00D3504A /* SplashScreen.swift in Sources */,
				B8729EAC2B32E6DD00D3504A /* Home.swift in Sources */,
				B8729EB02B32E70400D3504A /* Coloring.swift in Sources */,
				B8729E9C2B32DCFB00D3504A /* HafezApp.swift in Sources */,
				B8729EB22B32E72E00D3504A /* Name.swift in Sources */,
			);
			runOnlyForDeploymentPostprocessing = 0;
		};
/* End PBXSourcesBuildPhase section */

/* Begin XCBuildConfiguration section */
		B8729EA42B32DCFB00D3504A /* Debug */ = {
			isa = XCBuildConfiguration;
			buildSettings = {
				ALWAYS_SEARCH_USER_PATHS = NO;
				ASSETCATALOG_COMPILER_GENERATE_SWIFT_ASSET_SYMBOL_EXTENSIONS = YES;
				CLANG_ANALYZER_NONNULL = YES;
				CLANG_ANALYZER_NUMBER_OBJECT_CONVERSION = YES_AGGRESSIVE;
				CLANG_CXX_LANGUAGE_STANDARD = "gnu++20";
				CLANG_ENABLE_MODULES = YES;
				CLANG_ENABLE_OBJC_ARC = YES;
				CLANG_ENABLE_OBJC_WEAK = YES;
				CLANG_WARN_BLOCK_CAPTURE_AUTORELEASING = YES;
				CLANG_WARN_BOOL_CONVERSION = YES;
				CLANG_WARN_COMMA = YES;
				CLANG_WARN_CONSTANT_CONVERSION = YES;
				CLANG_WARN_DEPRECATED_OBJC_IMPLEMENTATIONS = YES;
				CLANG_WARN_DIRECT_OBJC_ISA_USAGE = YES_ERROR;
				CLANG_WARN_DOCUMENTATION_COMMENTS = YES;
				CLANG_WARN_EMPTY_BODY = YES;
				CLANG_WARN_ENUM_CONVERSION = YES;
				CLANG_WARN_INFINITE_RECURSION = YES;
				CLANG_WARN_INT_CONVERSION = YES;
				CLANG_WARN_NON_LITERAL_NULL_CONVERSION = YES;
				CLANG_WARN_OBJC_IMPLICIT_RETAIN_SELF = YES;
				CLANG_WARN_OBJC_LITERAL_CONVERSION = YES;
				CLANG_WARN_OBJC_ROOT_CLASS = YES_ERROR;
				CLANG_WARN_QUOTED_INCLUDE_IN_FRAMEWORK_HEADER = YES;
				CLANG_WARN_RANGE_LOOP_ANALYSIS = YES;
				CLANG_WARN_STRICT_PROTOTYPES = YES;
				CLANG_WARN_SUSPICIOUS_MOVE = YES;
				CLANG_WARN_UNGUARDED_AVAILABILITY = YES_AGGRESSIVE;
				CLANG_WARN_UNREACHABLE_CODE = YES;
				CLANG_WARN__DUPLICATE_METHOD_MATCH = YES;
				COPY_PHASE_STRIP = NO;
				DEBUG_INFORMATION_FORMAT = dwarf;
				ENABLE_STRICT_OBJC_MSGSEND = YES;
				ENABLE_TESTABILITY = YES;
				ENABLE_USER_SCRIPT_SANDBOXING = YES;
				GCC_C_LANGUAGE_STANDARD = gnu17;
				GCC_DYNAMIC_NO_PIC = NO;
				GCC_NO_COMMON_BLOCKS = YES;
				GCC_OPTIMIZATION_LEVEL = 0;
				GCC_PREPROCESSOR_DEFINITIONS = (
					"DEBUG=1",
					"$(inherited)",
				);
				GCC_WARN_64_TO_32_BIT_CONVERSION = YES;
				GCC_WARN_ABOUT_RETURN_TYPE = YES_ERROR;
				GCC_WARN_UNDECLARED_SELECTOR = YES;
				GCC_WARN_UNINITIALIZED_AUTOS = YES_AGGRESSIVE;
				GCC_WARN_UNUSED_FUNCTION = YES;
				GCC_WARN_UNUSED_VARIABLE = YES;
				IPHONEOS_DEPLOYMENT_TARGET = 17.0;
				LOCALIZATION_PREFERS_STRING_CATALOGS = YES;
				MTL_ENABLE_DEBUG_INFO = INCLUDE_SOURCE;
				MTL_FAST_MATH = YES;
				ONLY_ACTIVE_ARCH = YES;
				SDKROOT = iphoneos;
				SWIFT_ACTIVE_COMPILATION_CONDITIONS = "DEBUG $(inherited)";
				SWIFT_OPTIMIZATION_LEVEL = "-Onone";
			};
			name = Debug;
		};
		B8729EA52B32DCFB00D3504A /* Release */ = {
			isa = XCBuildConfiguration;
			buildSettings = {
				ALWAYS_SEARCH_USER_PATHS = NO;
				ASSETCATALOG_COMPILER_GENERATE_SWIFT_ASSET_SYMBOL_EXTENSIONS = YES;
				CLANG_ANALYZER_NONNULL = YES;
				CLANG_ANALYZER_NUMBER_OBJECT_CONVERSION = YES_AGGRESSIVE;
				CLANG_CXX_LANGUAGE_STANDARD = "gnu++20";
				CLANG_ENABLE_MODULES = YES;
				CLANG_ENABLE_OBJC_ARC = YES;
				CLANG_ENABLE_OBJC_WEAK = YES;
				CLANG_WARN_BLOCK_CAPTURE_AUTORELEASING = YES;
				CLANG_WARN_BOOL_CONVERSION = YES;
				CLANG_WARN_COMMA = YES;
				CLANG_WARN_CONSTANT_CONVERSION = YES;
				CLANG_WARN_DEPRECATED_OBJC_IMPLEMENTATIONS = YES;
				CLANG_WARN_DIRECT_OBJC_ISA_USAGE = YES_ERROR;
				CLANG_WARN_DOCUMENTATION_COMMENTS = YES;
				CLANG_WARN_EMPTY_BODY = YES;
				CLANG_WARN_ENUM_CONVERSION = YES;
				CLANG_WARN_INFINITE_RECURSION = YES;
				CLANG_WARN_INT_CONVERSION = YES;
				CLANG_WARN_NON_LITERAL_NULL_CONVERSION = YES;
				CLANG_WARN_OBJC_IMPLICIT_RETAIN_SELF = YES;
				CLANG_WARN_OBJC_LITERAL_CONVERSION = YES;
				CLANG_WARN_OBJC_ROOT_CLASS = YES_ERROR;
				CLANG_WARN_QUOTED_INCLUDE_IN_FRAMEWORK_HEADER = YES;
				CLANG_WARN_RANGE_LOOP_ANALYSIS = YES;
				CLANG_WARN_STRICT_PROTOTYPES = YES;
				CLANG_WARN_SUSPICIOUS_MOVE = YES;
				CLANG_WARN_UNGUARDED_AVAILABILITY = YES_AGGRESSIVE;
				CLANG_WARN_UNREACHABLE_CODE = YES;
				CLANG_WARN__DUPLICATE_METHOD_MATCH = YES;
				COPY_PHASE_STRIP = NO;
				DEBUG_INFORMATION_FORMAT = "dwarf-with-dsym";
				ENABLE_NS_ASSERTIONS = NO;
				ENABLE_STRICT_OBJC_MSGSEND = YES;
				ENABLE_USER_SCRIPT_SANDBOXING = YES;
				GCC_C_LANGUAGE_STANDARD = gnu17;
				GCC_NO_COMMON_BLOCKS = YES;
				GCC_WARN_64_TO_32_BIT_CONVERSION = YES;
				GCC_WARN_ABOUT_RETURN_TYPE = YES_ERROR;
				GCC_WARN_UNDECLARED_SELECTOR = YES;
				GCC_WARN_UNINITIALIZED_AUTOS = YES_AGGRESSIVE;
				GCC_WARN_UNUSED_FUNCTION = YES;
				GCC_WARN_UNUSED_VARIABLE = YES;
				IPHONEOS_DEPLOYMENT_TARGET = 17.0;
				LOCALIZATION_PREFERS_STRING_CATALOGS = YES;
				MTL_ENABLE_DEBUG_INFO = NO;
				MTL_FAST_MATH = YES;
				SDKROOT = iphoneos;
				SWIFT_COMPILATION_MODE = wholemodule;
				VALIDATE_PRODUCT = YES;
			};
			name = Release;
		};
		B8729EA72B32DCFB00D3504A /* Debug */ = {
			isa = XCBuildConfiguration;
			buildSettings = {
				ASSETCATALOG_COMPILER_APPICON_NAME = AppIcon;
				ASSETCATALOG_COMPILER_GLOBAL_ACCENT_COLOR_NAME = AccentColor;
				CODE_SIGN_STYLE = Automatic;
				CURRENT_PROJECT_VERSION = 1;
				DEVELOPMENT_ASSET_PATHS = "\"Hafez/Preview Content\"";
				ENABLE_PREVIEWS = YES;
				GENERATE_INFOPLIST_FILE = YES;
				INFOPLIST_KEY_UIApplicationSceneManifest_Generation = YES;
				INFOPLIST_KEY_UIApplicationSupportsIndirectInputEvents = YES;
				INFOPLIST_KEY_UILaunchScreen_Generation = YES;
				INFOPLIST_KEY_UISupportedInterfaceOrientations_iPad = "UIInterfaceOrientationPortrait UIInterfaceOrientationPortraitUpsideDown UIInterfaceOrientationLandscapeLeft UIInterfaceOrientationLandscapeRight";
				INFOPLIST_KEY_UISupportedInterfaceOrientations_iPhone = "UIInterfaceOrientationPortrait UIInterfaceOrientationLandscapeLeft UIInterfaceOrientationLandscapeRight";
				LD_RUNPATH_SEARCH_PATHS = (
					"$(inherited)",
					"@executable_path/Frameworks",
				);
				MARKETING_VERSION = 1.0;
				PRODUCT_BUNDLE_IDENTIFIER = none.Hafez;
				PRODUCT_NAME = "$(TARGET_NAME)";
				SWIFT_EMIT_LOC_STRINGS = YES;
				SWIFT_VERSION = 5.0;
				TARGETED_DEVICE_FAMILY = "1,2";
			};
			name = Debug;
		};
		B8729EA82B32DCFB00D3504A /* Release */ = {
			isa = XCBuildConfiguration;
			buildSettings = {
				ASSETCATALOG_COMPILER_APPICON_NAME = AppIcon;
				ASSETCATALOG_COMPILER_GLOBAL_ACCENT_COLOR_NAME = AccentColor;
				CODE_SIGN_STYLE = Automatic;
				CURRENT_PROJECT_VERSION = 1;
				DEVELOPMENT_ASSET_PATHS = "\"Hafez/Preview Content\"";
				ENABLE_PREVIEWS = YES;
				GENERATE_INFOPLIST_FILE = YES;
				INFOPLIST_KEY_UIApplicationSceneManifest_Generation = YES;
				INFOPLIST_KEY_UIApplicationSupportsIndirectInputEvents = YES;
				INFOPLIST_KEY_UILaunchScreen_Generation = YES;
				INFOPLIST_KEY_UISupportedInterfaceOrientations_iPad = "UIInterfaceOrientationPortrait UIInterfaceOrientationPortraitUpsideDown UIInterfaceOrientationLandscapeLeft UIInterfaceOrientationLandscapeRight";
				INFOPLIST_KEY_UISupportedInterfaceOrientations_iPhone = "UIInterfaceOrientationPortrait UIInterfaceOrientationLandscapeLeft UIInterfaceOrientationLandscapeRight";
				LD_RUNPATH_SEARCH_PATHS = (
					"$(inherited)",
					"@executable_path/Frameworks",
				);
				MARKETING_VERSION = 1.0;
				PRODUCT_BUNDLE_IDENTIFIER = none.Hafez;
				PRODUCT_NAME = "$(TARGET_NAME)";
				SWIFT_EMIT_LOC_STRINGS = YES;
				SWIFT_VERSION = 5.0;
				TARGETED_DEVICE_FAMILY = "1,2";
			};
			name = Release;
		};
/* End XCBuildConfiguration section */

/* Begin XCConfigurationList section */
		B8729E932B32DCFB00D3504A /* Build configuration list for PBXProject "Hafez" */ = {
			isa = XCConfigurationList;
			buildConfigurations = (
				B8729EA42B32DCFB00D3504A /* Debug */,
				B8729EA52B32DCFB00D3504A /* Release */,
			);
			defaultConfigurationIsVisible = 0;
			defaultConfigurationName = Release;
		};
		B8729EA62B32DCFB00D3504A /* Build configuration list for PBXNativeTarget "Hafez" */ = {
			isa = XCConfigurationList;
			buildConfigurations = (
				B8729EA72B32DCFB00D3504A /* Debug */,
				B8729EA82B32DCFB00D3504A /* Release */,
			);
			defaultConfigurationIsVisible = 0;
			defaultConfigurationName = Release;
		};
/* End XCConfigurationList section */
	};
	rootObject = B8729E902B32DCFB00D3504A /* Project object */;
}
